
Microsoft Visual Studio Solution File, Format Version 12.00
# Visual Studio Version 16
VisualStudioVersion = 16.0.30611.23
MinimumVisualStudioVersion = 10.0.40219.1
Project("{FAE04EC0-301F-11D3-BF4B-00C04F79EFBC}") = "Wish", "Wish.csproj", "{7F924CCA-6481-4ECF-A10F-3DB7909718B2}"
EndProject
Global
	GlobalSection(SolutionConfigurationPlatforms) = preSolution
		Debug|Any CPU = Debug|Any CPU
		Release|Any CPU = Release|Any CPU
	EndGlobalSection
	GlobalSection(ProjectConfigurationPlatforms) = postSolution
		{7F924CCA-6481-4ECF-A10F-3DB7909718B2}.Debug|Any CPU.ActiveCfg = Debug|Any CPU
		{7F924CCA-6481-4ECF-A10F-3DB7909718B2}.Debug|Any CPU.Build.0 = Debug|Any CPU
		{7F924CCA-6481-4ECF-A10F-3DB7909718B2}.Release|Any CPU.ActiveCfg = Release|Any CPU
		{7F924CCA-6481-4ECF-A10F-3DB7909718B2}.Release|Any CPU.Build.0 = Release|Any CPU
	EndGlobalSection
	GlobalSection(SolutionProperties) = preSolution
		HideSolutionNode = FALSE
	EndGlobalSection
	GlobalSection(ExtensibilityGlobals) = postSolution
		SolutionGuid = {65E40E03-3EE8-454F-87CF-55B55A99FC82}
	EndGlobalSection
EndGlobal
